
Microsoft Visual Studio Solution File, Format Version 12.00
# Visual Studio Version 17
VisualStudioVersion = 17.2.32516.85
MinimumVisualStudioVersion = 10.0.40219.1
Project("{9A19103F-16F7-4668-BE54-9A1E7A4F7556}") = "AppOwnsDataShared", "AppOwnsDataShared\AppOwnsDataShared.csproj", "{B78C768D-5CDA-4253-823E-81F7719B99EE}"
EndProject
Project("{9A19103F-16F7-4668-BE54-9A1E7A4F7556}") = "AppOwnsDataAdmin", "AppOwnsDataAdmin\AppOwnsDataAdmin.csproj", "{9DCEA4B3-E400-4EB2-91AC-0C6994BC3056}"
EndProject
Project("{9A19103F-16F7-4668-BE54-9A1E7A4F7556}") = "AppOwnsDataWebApi", "AppOwnsDataWebApi\AppOwnsDataWebApi.csproj", "{D8B09D1F-4448-4AE5-8AE6-4F4F0A2BE749}"
EndProject
Project("{9A19103F-16F7-4668-BE54-9A1E7A4F7556}") = "AppOwnsDataClient", "AppOwnsDataClient\AppOwnsDataClient.csproj", "{33F71F9E-157A-4FF5-83F1-3F0506CB7FE8}"
EndProject
Project("{9A19103F-16F7-4668-BE54-9A1E7A4F7556}") = "AppOwnsDataReactClient", "AppOwnsDataReactClient\AppOwnsDataReactClient.csproj", "{2432A267-62B2-4471-8577-F90871B3C5E1}"
EndProject
Global
	GlobalSection(SolutionConfigurationPlatforms) = preSolution
		Debug|Any CPU = Debug|Any CPU
		Release|Any CPU = Release|Any CPU
	EndGlobalSection
	GlobalSection(ProjectConfigurationPlatforms) = postSolution
		{B78C768D-5CDA-4253-823E-81F7719B99EE}.Debug|Any CPU.ActiveCfg = Debug|Any CPU
		{B78C768D-5CDA-4253-823E-81F7719B99EE}.Debug|Any CPU.Build.0 = Debug|Any CPU
		{B78C768D-5CDA-4253-823E-81F7719B99EE}.Release|Any CPU.ActiveCfg = Release|Any CPU
		{B78C768D-5CDA-4253-823E-81F7719B99EE}.Release|Any CPU.Build.0 = Release|Any CPU
		{9DCEA4B3-E400-4EB2-91AC-0C6994BC3056}.Debug|Any CPU.ActiveCfg = Debug|Any CPU
		{9DCEA4B3-E400-4EB2-91AC-0C6994BC3056}.Debug|Any CPU.Build.0 = Debug|Any CPU
		{9DCEA4B3-E400-4EB2-91AC-0C6994BC3056}.Release|Any CPU.ActiveCfg = Release|Any CPU
		{9DCEA4B3-E400-4EB2-91AC-0C6994BC3056}.Release|Any CPU.Build.0 = Release|Any CPU
		{D8B09D1F-4448-4AE5-8AE6-4F4F0A2BE749}.Debug|Any CPU.ActiveCfg = Debug|Any CPU
		{D8B09D1F-4448-4AE5-8AE6-4F4F0A2BE749}.Debug|Any CPU.Build.0 = Debug|Any CPU
		{D8B09D1F-4448-4AE5-8AE6-4F4F0A2BE749}.Release|Any CPU.ActiveCfg = Release|Any CPU
		{D8B09D1F-4448-4AE5-8AE6-4F4F0A2BE749}.Release|Any CPU.Build.0 = Release|Any CPU
		{33F71F9E-157A-4FF5-83F1-3F0506CB7FE8}.Debug|Any CPU.ActiveCfg = Debug|Any CPU
		{33F71F9E-157A-4FF5-83F1-3F0506CB7FE8}.Debug|Any CPU.Build.0 = Debug|Any CPU
		{33F71F9E-157A-4FF5-83F1-3F0506CB7FE8}.Release|Any CPU.ActiveCfg = Release|Any CPU
		{33F71F9E-157A-4FF5-83F1-3F0506CB7FE8}.Release|Any CPU.Build.0 = Release|Any CPU
		{2432A267-62B2-4471-8577-F90871B3C5E1}.Debug|Any CPU.ActiveCfg = Debug|Any CPU
		{2432A267-62B2-4471-8577-F90871B3C5E1}.Debug|Any CPU.Build.0 = Debug|Any CPU
		{2432A267-62B2-4471-8577-F90871B3C5E1}.Release|Any CPU.ActiveCfg = Release|Any CPU
		{2432A267-62B2-4471-8577-F90871B3C5E1}.Release|Any CPU.Build.0 = Release|Any CPU
	EndGlobalSection
	GlobalSection(SolutionProperties) = preSolution
		HideSolutionNode = FALSE
	EndGlobalSection
	GlobalSection(ExtensibilityGlobals) = postSolution
		SolutionGuid = {221549CA-D30D-4974-B419-4B0F007E3AC7}
	EndGlobalSection
EndGlobal
